// !$*UTF8*$!
{
	archiveVersion = 1;
	classes = {
	};
	objectVersion = 46;
	objects = {

/* Begin PBXBuildFile section */
		1A0C1FF41D45DC5B00FAE1A0 /* AppDelegate.swift in Sources */ = {isa = PBXBuildFile; fileRef = 1A0C1FF31D45DC5B00FAE1A0 /* AppDelegate.swift */; };
		1A0C1FF61D45DC5B00FAE1A0 /* ViewController.swift in Sources */ = {isa = PBXBuildFile; fileRef = 1A0C1FF51D45DC5B00FAE1A0 /* ViewController.swift */; };
		1A0C1FF91D45DC5B00FAE1A0 /* Main.storyboard in Resources */ = {isa = PBXBuildFile; fileRef = 1A0C1FF71D45DC5B00FAE1A0 /* Main.storyboard */; };
		1A0C1FFB1D45DC5B00FAE1A0 /* Assets.xcassets in Resources */ = {isa = PBXBuildFile; fileRef = 1A0C1FFA1D45DC5B00FAE1A0 /* Assets.xcassets */; };
		1A0C1FFE1D45DC5B00FAE1A0 /* LaunchScreen.storyboard in Resources */ = {isa = PBXBuildFile; fileRef = 1A0C1FFC1D45DC5B00FAE1A0 /* LaunchScreen.storyboard */; };
/* End PBXBuildFile section */

/* Begin PBXFileReference section */
		1A0C1FF01D45DC5B00FAE1A0 /* PushNotification.app */ = {isa = PBXFileReference; explicitFileType = wrapper.application; includeInIndex = 0; path = PushNotification.app; sourceTree = BUILT_PRODUCTS_DIR; };
		1A0C1FF31D45DC5B00FAE1A0 /* AppDelegate.swift */ = {isa = PBXFileReference; lastKnownFileType = sourcecode.swift; path = AppDelegate.swift; sourceTree = "<group>"; };
		1A0C1FF51D45DC5B00FAE1A0 /* ViewController.swift */ = {isa = PBXFileReference; lastKnownFileType = sourcecode.swift; path = ViewController.swift; sourceTree = "<group>"; };
		1A0C1FF81D45DC5B00FAE1A0 /* Base */ = {isa = PBXFileReference; lastKnownFileType = file.storyboard; name = Base; path = Base.lproj/Main.storyboard; sourceTree = "<group>"; };
		1A0C1FFA1D45DC5B00FAE1A0 /* Assets.xcassets */ = {isa = PBXFileReference; lastKnownFileType = folder.assetcatalog; path = Assets.xcassets; sourceTree = "<group>"; };
		1A0C1FFD1D45DC5B00FAE1A0 /* Base */ = {isa = PBXFileReference; lastKnownFileType = file.storyboard; name = Base; path = Base.lproj/LaunchScreen.storyboard; sourceTree = "<group>"; };
		1A0C1FFF1D45DC5B00FAE1A0 /* Info.plist */ = {isa = PBXFileReference; lastKnownFileType = text.plist.xml; path = Info.plist; sourceTree = "<group>"; };
/* End PBXFileReference section */

/* Begin PBXFrameworksBuildPhase section */
		1A0C1FED1D45DC5B00FAE1A0 /* Frameworks */ = {
			isa = PBXFrameworksBuildPhase;
			buildActionMask = 2147483647;
			files = (
			);
			runOnlyForDeploymentPostprocessing = 0;
		};
/* End PBXFrameworksBuildPhase section */

/* Begin PBXGroup section */
		1A0C1FE71D45DC5B00FAE1A0 = {
			isa = PBXGroup;
			children = (
				1A0C1FF21D45DC5B00FAE1A0 /* PushNotification */,
				1A0C1FF11D45DC5B00FAE1A0 /* Products */,
			);
			sourceTree = "<group>";
		};
		1A0C1FF11D45DC5B00FAE1A0 /* Products */ = {
			isa = PBXGroup;
			children = (
				1A0C1FF01D45DC5B00FAE1A0 /* PushNotification.app */,
			);
			name = Products;
			sourceTree = "<group>";
		};
		1A0C1FF21D45DC5B00FAE1A0 /* PushNotification */ = {
			isa = PBXGroup;
			children = (
				1A0C1FF31D45DC5B00FAE1A0 /* AppDelegate.swift */,
				1A0C1FF51D45DC5B00FAE1A0 /* ViewController.swift */,
				1A0C1FF71D45DC5B00FAE1A0 /* Main.storyboard */,
				1A0C1FFA1D45DC5B00FAE1A0 /* Assets.xcassets */,
				1A0C1FFC1D45DC5B00FAE1A0 /* LaunchScreen.storyboard */,
				1A0C1FFF1D45DC5B00FAE1A0 /* Info.plist */,
			);
			path = PushNotification;
			sourceTree = "<group>";
		};
/* End PBXGroup section */

/* Begin PBXNativeTarget section */
		1A0C1FEF1D45DC5B00FAE1A0 /* PushNotification */ = {
			isa = PBXNativeTarget;
			buildConfigurationList = 1A0C20021D45DC5B00FAE1A0 /* Build configuration list for PBXNativeTarget "PushNotification" */;
			buildPhases = (
				1A0C1FEC1D45DC5B00FAE1A0 /* Sources */,
				1A0C1FED1D45DC5B00FAE1A0 /* Frameworks */,
				1A0C1FEE1D45DC5B00FAE1A0 /* Resources */,
			);
			buildRules = (
			);
			dependencies = (
			);
			name = PushNotification;
			productName = PushNotification;
			productReference = 1A0C1FF01D45DC5B00FAE1A0 /* PushNotification.app */;
			productType = "com.apple.product-type.application";
		};
/* End PBXNativeTarget section */

/* Begin PBXProject section */
		1A0C1FE81D45DC5B00FAE1A0 /* Project object */ = {
			isa = PBXProject;
			attributes = {
				LastSwiftUpdateCheck = 0730;
				LastUpgradeCheck = 0730;
				ORGANIZATIONNAME = na;
				TargetAttributes = {
					1A0C1FEF1D45DC5B00FAE1A0 = {
						CreatedOnToolsVersion = 7.3;
					};
				};
			};
			buildConfigurationList = 1A0C1FEB1D45DC5B00FAE1A0 /* Build configuration list for PBXProject "PushNotification" */;
			compatibilityVersion = "Xcode 3.2";
			developmentRegion = English;
			hasScannedForEncodings = 0;
			knownRegions = (
				en,
				Base,
			);
			mainGroup = 1A0C1FE71D45DC5B00FAE1A0;
			productRefGroup = 1A0C1FF11D45DC5B00FAE1A0 /* Products */;
			projectDirPath = "";
			projectRoot = "";
			targets = (
				1A0C1FEF1D45DC5B00FAE1A0 /* PushNotification */,
			);
		};
/* End PBXProject section */

/* Begin PBXResourcesBuildPhase section */
		1A0C1FEE1D45DC5B00FAE1A0 /* Resources */ = {
			isa = PBXResourcesBuildPhase;
			buildActionMask = 2147483647;
			files = (
				1A0C1FFE1D45DC5B00FAE1A0 /* LaunchScreen.storyboard in Resources */,
				1A0C1FFB1D45DC5B00FAE1A0 /* Assets.xcassets in Resources */,
				1A0C1FF91D45DC5B00FAE1A0 /* Main.storyboard in Resources */,
			);
			runOnlyForDeploymentPostprocessing = 0;
		};
/* End PBXResourcesBuildPhase section */

/* Begin PBXSourcesBuildPhase section */
		1A0C1FEC1D45DC5B00FAE1A0 /* Sources */ = {
			isa = PBXSourcesBuildPhase;
			buildActionMask = 2147483647;
			files = (
				1A0C1FF61D45DC5B00FAE1A0 /* ViewController.swift in Sources */,
				1A0C1FF41D45DC5B00FAE1A0 /* AppDelegate.swift in Sources */,
			);
			runOnlyForDeploymentPostprocessing = 0;
		};
/* End PBXSourcesBuildPhase section */

/* Begin PBXVariantGroup section */
		1A0C1FF71D45DC5B00FAE1A0 /* Main.storyboard */ = {
			isa = PBXVariantGroup;
			children = (
				1A0C1FF81D45DC5B00FAE1A0 /* Base */,
			);
			name = Main.storyboard;
			sourceTree = "<group>";
		};
		1A0C1FFC1D45DC5B00FAE1A0 /* LaunchScreen.storyboard */ = {
			isa = PBXVariantGroup;
			children = (
				1A0C1FFD1D45DC5B00FAE1A0 /* Base */,
			);
			name = LaunchScreen.storyboard;
			sourceTree = "<group>";
		};
/* End PBXVariantGroup section */

/* Begin XCBuildConfiguration section */
		1A0C20001D45DC5B00FAE1A0 /* Debug */ = {
			isa = XCBuildConfiguration;
			buildSettings = {
				ALWAYS_SEARCH_USER_PATHS = NO;
				CLANG_ANALYZER_NONNULL = YES;
				CLANG_CXX_LANGUAGE_STANDARD = "gnu++0x";
				CLANG_CXX_LIBRARY = "libc++";
				CLANG_ENABLE_MODULES = YES;
				CLANG_ENABLE_OBJC_ARC = YES;
				CLANG_WARN_BOOL_CONVERSION = YES;
				CLANG_WARN_CONSTANT_CONVERSION = YES;
				CLANG_WARN_DIRECT_OBJC_ISA_USAGE = YES_ERROR;
				CLANG_WARN_EMPTY_BODY = YES;
				CLANG_WARN_ENUM_CONVERSION = YES;
				CLANG_WARN_INT_CONVERSION = YES;
				CLANG_WARN_OBJC_ROOT_CLASS = YES_ERROR;
				CLANG_WARN_UNREACHABLE_CODE = YES;
				CLANG_WARN__DUPLICATE_METHOD_MATCH = YES;
				CODE_SIGN_IDENTITY = "Apple Push Services: com.cognizantenterprisemobility.app";
				"CODE_SIGN_IDENTITY[sdk=iphoneos*]" = "";
				COPY_PHASE_STRIP = NO;
				DEBUG_INFORMATION_FORMAT = dwarf;
				ENABLE_STRICT_OBJC_MSGSEND = YES;
				ENABLE_TESTABILITY = YES;
				GCC_C_LANGUAGE_STANDARD = gnu99;
				GCC_DYNAMIC_NO_PIC = NO;
				GCC_NO_COMMON_BLOCKS = YES;
				GCC_OPTIMIZATION_LEVEL = 0;
				GCC_PREPROCESSOR_DEFINITIONS = (
					"DEBUG=1",
					"$(inherited)",
				);
				GCC_WARN_64_TO_32_BIT_CONVERSION = YES;
				GCC_WARN_ABOUT_RETURN_TYPE = YES_ERROR;
				GCC_WARN_UNDECLARED_SELECTOR = YES;
				GCC_WARN_UNINITIALIZED_AUTOS = YES_AGGRESSIVE;
				GCC_WARN_UNUSED_FUNCTION = YES;
				GCC_WARN_UNUSED_VARIABLE = YES;
				IPHONEOS_DEPLOYMENT_TARGET = 9.0;
				MTL_ENABLE_DEBUG_INFO = YES;
				ONLY_ACTIVE_ARCH = YES;
				PROVISIONING_PROFILE = "b1ea4998-84b2-4c3b-8df8-b12e8b04f38c";
				SDKROOT = iphoneos;
				SWIFT_OPTIMIZATION_LEVEL = "-Onone";
				TARGETED_DEVICE_FAMILY = "1,2";
			};
			name = Debug;
		};
		1A0C20011D45DC5B00FAE1A0 /* Release */ = {
			isa = XCBuildConfiguration;
			buildSettings = {
				ALWAYS_SEARCH_USER_PATHS = NO;
				CLANG_ANALYZER_NONNULL = YES;
				CLANG_CXX_LANGUAGE_STANDARD = "gnu++0x";
				CLANG_CXX_LIBRARY = "libc++";
				CLANG_ENABLE_MODULES = YES;
				CLANG_ENABLE_OBJC_ARC = YES;
				CLANG_WARN_BOOL_CONVERSION = YES;
				CLANG_WARN_CONSTANT_CONVERSION = YES;
				CLANG_WARN_DIRECT_OBJC_ISA_USAGE = YES_ERROR;
				CLANG_WARN_EMPTY_BODY = YES;
				CLANG_WARN_ENUM_CONVERSION = YES;
				CLANG_WARN_INT_CONVERSION = YES;
				CLANG_WARN_OBJC_ROOT_CLASS = YES_ERROR;
				CLANG_WARN_UNREACHABLE_CODE = YES;
				CLANG_WARN__DUPLICATE_METHOD_MATCH = YES;
				CODE_SIGN_IDENTITY = "Apple Push Services: com.cognizantenterprisemobility.app";
				"CODE_SIGN_IDENTITY[sdk=iphoneos*]" = "";
				COPY_PHASE_STRIP = NO;
				DEBUG_INFORMATION_FORMAT = "dwarf-with-dsym";
				ENABLE_NS_ASSERTIONS = NO;
				ENABLE_STRICT_OBJC_MSGSEND = YES;
				GCC_C_LANGUAGE_STANDARD = gnu99;
				GCC_NO_COMMON_BLOCKS = YES;
				GCC_WARN_64_TO_32_BIT_CONVERSION = YES;
				GCC_WARN_ABOUT_RETURN_TYPE = YES_ERROR;
				GCC_WARN_UNDECLARED_SELECTOR = YES;
				GCC_WARN_UNINITIALIZED_AUTOS = YES_AGGRESSIVE;
				GCC_WARN_UNUSED_FUNCTION = YES;
				GCC_WARN_UNUSED_VARIABLE = YES;
				IPHONEOS_DEPLOYMENT_TARGET = 9.0;
				MTL_ENABLE_DEBUG_INFO = NO;
				PROVISIONING_PROFILE = "b1ea4998-84b2-4c3b-8df8-b12e8b04f38c";
				SDKROOT = iphoneos;
				TARGETED_DEVICE_FAMILY = "1,2";
				VALIDATE_PRODUCT = YES;
			};
			name = Release;
		};
		1A0C20031D45DC5B00FAE1A0 /* Debug */ = {
			isa = XCBuildConfiguration;
			buildSettings = {
				ASSETCATALOG_COMPILER_APPICON_NAME = AppIcon;
				CLANG_ENABLE_OBJC_ARC = YES;
				CODE_SIGN_IDENTITY = "iPhone Distribution: Cognizant Technology Solutions India Pvt Ltd";
				INFOPLIST_FILE = PushNotification/Info.plist;
				IPHONEOS_DEPLOYMENT_TARGET = 9.0;
				LD_RUNPATH_SEARCH_PATHS = "$(inherited) @executable_path/Frameworks";
				PRODUCT_BUNDLE_IDENTIFIER = com.cognizantenterprisemobility.app;
				PRODUCT_NAME = "$(TARGET_NAME)";
				PROVISIONING_PROFILE = "b1ea4998-84b2-4c3b-8df8-b12e8b04f38c";
			};
			name = Debug;
		};
		1A0C20041D45DC5B00FAE1A0 /* Release */ = {
			isa = XCBuildConfiguration;
			buildSettings = {
				ASSETCATALOG_COMPILER_APPICON_NAME = AppIcon;
				CLANG_ENABLE_OBJC_ARC = YES;
				CODE_SIGN_IDENTITY = "iPhone Distribution: Cognizant Technology Solutions India Pvt Ltd";
				INFOPLIST_FILE = PushNotification/Info.plist;
				IPHONEOS_DEPLOYMENT_TARGET = 9.0;
				LD_RUNPATH_SEARCH_PATHS = "$(inherited) @executable_path/Frameworks";
				PRODUCT_BUNDLE_IDENTIFIER = com.cognizantenterprisemobility.app;
				PRODUCT_NAME = "$(TARGET_NAME)";
				PROVISIONING_PROFILE = "b1ea4998-84b2-4c3b-8df8-b12e8b04f38c";
			};
			name = Release;
		};
/* End XCBuildConfiguration section */

/* Begin XCConfigurationList section */
		1A0C1FEB1D45DC5B00FAE1A0 /* Build configuration list for PBXProject "PushNotification" */ = {
			isa = XCConfigurationList;
			buildConfigurations = (
				1A0C20001D45DC5B00FAE1A0 /* Debug */,
				1A0C20011D45DC5B00FAE1A0 /* Release */,
			);
			defaultConfigurationIsVisible = 0;
			defaultConfigurationName = Release;
		};
		1A0C20021D45DC5B00FAE1A0 /* Build configuration list for PBXNativeTarget "PushNotification" */ = {
			isa = XCConfigurationList;
			buildConfigurations = (
				1A0C20031D45DC5B00FAE1A0 /* Debug */,
				1A0C20041D45DC5B00FAE1A0 /* Release */,
			);
			defaultConfigurationIsVisible = 0;
			defaultConfigurationName = Release;
		};
/* End XCConfigurationList section */
	};
	rootObject = 1A0C1FE81D45DC5B00FAE1A0 /* Project object */;
}
